
Microsoft Visual Studio Solution File, Format Version 12.00
# Visual Studio 15
VisualStudioVersion = 15.0.28307.168
MinimumVisualStudioVersion = 10.0.40219.1
Project("{9A19103F-16F7-4668-BE54-9A1E7A4F7556}") = "Database", "Database.csproj", "{940EA678-B827-4C47-B051-CE5AD2C2A1CF}"
EndProject
Global
	GlobalSection(SolutionConfigurationPlatforms) = preSolution
		Debug|Any CPU = Debug|Any CPU
		Release|Any CPU = Release|Any CPU
	EndGlobalSection
	GlobalSection(ProjectConfigurationPlatforms) = postSolution
		{940EA678-B827-4C47-B051-CE5AD2C2A1CF}.Debug|Any CPU.ActiveCfg = Debug|Any CPU
		{940EA678-B827-4C47-B051-CE5AD2C2A1CF}.Debug|Any CPU.Build.0 = Debug|Any CPU
		{940EA678-B827-4C47-B051-CE5AD2C2A1CF}.Release|Any CPU.ActiveCfg = Release|Any CPU
		{940EA678-B827-4C47-B051-CE5AD2C2A1CF}.Release|Any CPU.Build.0 = Release|Any CPU
	EndGlobalSection
	GlobalSection(SolutionProperties) = preSolution
		HideSolutionNode = FALSE
	EndGlobalSection
	GlobalSection(ExtensibilityGlobals) = postSolution
		SolutionGuid = {4020748E-7CAF-4D6A-8D10-CEA603270844}
	EndGlobalSection
EndGlobal
